
Microsoft Visual Studio Solution File, Format Version 12.00
# Visual Studio Version 16
VisualStudioVersion = 16.0.31515.178
MinimumVisualStudioVersion = 10.0.40219.1
Project("{FAE04EC0-301F-11D3-BF4B-00C04F79EFBC}") = "ClientApi", "ClientApi.csproj", "{66948465-047B-4761-8251-10EB7284E868}"
EndProject
Global
	GlobalSection(SolutionConfigurationPlatforms) = preSolution
		Debug|Any CPU = Debug|Any CPU
		Release|Any CPU = Release|Any CPU
	EndGlobalSection
	GlobalSection(ProjectConfigurationPlatforms) = postSolution
		{66948465-047B-4761-8251-10EB7284E868}.Debug|Any CPU.ActiveCfg = Debug|Any CPU
		{66948465-047B-4761-8251-10EB7284E868}.Debug|Any CPU.Build.0 = Debug|Any CPU
		{66948465-047B-4761-8251-10EB7284E868}.Release|Any CPU.ActiveCfg = Release|Any CPU
		{66948465-047B-4761-8251-10EB7284E868}.Release|Any CPU.Build.0 = Release|Any CPU
	EndGlobalSection
	GlobalSection(SolutionProperties) = preSolution
		HideSolutionNode = FALSE
	EndGlobalSection
	GlobalSection(ExtensibilityGlobals) = postSolution
		SolutionGuid = {DFDDEBA5-0A25-4461-B55D-8067BD7EED32}
	EndGlobalSection
EndGlobal
